# THIS IS AN AUTOGENERATED FILE. DO NOT EDIT THIS FILE DIRECTLY.
# yarn lockfile v1


"@bazel/bazel-darwin_x64@0.23.2":
  version "0.23.2"
  resolved "https://registry.yarnpkg.com/@bazel/bazel-darwin_x64/-/bazel-darwin_x64-0.23.2.tgz#619544c9ef444af71d4f4603c0874da951ad1949"
  integrity sha512-wLqOtUm9Lr5EMePLqimgePB3GLU9ZJ/FE0ZawcQbKWXROGaGB2cTkOCpPp13T5fGY0Y7tJ/jjzIMBqphfyebLA==

"@bazel/bazel-linux_x64@0.23.2":
  version "0.23.2"
  resolved "https://registry.yarnpkg.com/@bazel/bazel-linux_x64/-/bazel-linux_x64-0.23.2.tgz#702d1e78bc12d9f0b8a00861f70e51c30e0f435c"
  integrity sha512-b2CEoceQdaG5A2pXLbZcQZYk148wpPE141y6o4D9BL8JhbeW0TcnwtCziPVnSiW+nublDk9iNR3eVuNgsxgypw==

"@bazel/bazel-win32_x64@0.23.2":
  version "0.23.2"
  resolved "https://registry.yarnpkg.com/@bazel/bazel-win32_x64/-/bazel-win32_x64-0.23.2.tgz#3c48c8615c2c9c6ee8c67b8f302e94324db153e2"
  integrity sha512-wjcgN3ecj47osfgX3asiRb37wBd0RNgaTXejOwc7ZUCHKazDUkZzQyYH5S/4RgLaj9sT+cMEXVo1RI4nNRMqIA==

"@bazel/bazel@^0.23.2":
  version "0.23.2"
  resolved "https://registry.yarnpkg.com/@bazel/bazel/-/bazel-0.23.2.tgz#94ac42cc29c5bcb6b35fe112624d94c803dd78a8"
  integrity sha512-FP7sPD13sf0B2c2484DzJl2WzonrYJL2fAKgKl4Of8nBwlgNymvm2JAr3tZE3Ew+s9UwnEBrBDuf3eLn8xC9eg==
  optionalDependencies:
    "@bazel/bazel-darwin_x64" "0.23.2"
    "@bazel/bazel-linux_x64" "0.23.2"
    "@bazel/bazel-win32_x64" "0.23.2"

"@bazel/buildifier-darwin_x64@0.22.0":
  version "0.22.0"
  resolved "https://registry.yarnpkg.com/@bazel/buildifier-darwin_x64/-/buildifier-darwin_x64-0.22.0.tgz#00dde7ce03be8c550b3908dd91cf1fc0baef7ff7"
  integrity sha512-tpJ6w3mmh8wBm/k5AidAZvjWm3Hge3ipSjGtxTfq/xgUCacAtGt219nwyAMs0CwLPuABLbcINQmmKtG5VpxK9A==

"@bazel/buildifier-linux_x64@0.22.0":
  version "0.22.0"
  resolved "https://registry.yarnpkg.com/@bazel/buildifier-linux_x64/-/buildifier-linux_x64-0.22.0.tgz#146c44bafbb1e4711725414582a49835d04b8618"
  integrity sha512-qaE7QF2YHKOXFBk2QcwOBfA3Ipm08vP9ZK9Vxtubbq9O0MM5tWvfKI48VkfX6pg8QNXDJ+sBndznxQSSWstsWQ==

"@bazel/buildifier@^0.22.0":
  version "0.22.0"
  resolved "https://registry.yarnpkg.com/@bazel/buildifier/-/buildifier-0.22.0.tgz#d1abc2ce4317ba71351276c6b1b9e1533abf8e3d"
  integrity sha512-S+mrUwanR8HMcp92iEDk4D1oOLsVhCM42Hx0rqL1eVmXPwLYL+F/sIjeGTw/6BgxMEHVSl2M3CcTFAS0b60BTQ==
  optionalDependencies:
    "@bazel/buildifier-darwin_x64" "0.22.0"
    "@bazel/buildifier-linux_x64" "0.22.0"

"@bazel/ibazel@^0.10.0":
  version "0.10.0"
  resolved "https://registry.yarnpkg.com/@bazel/ibazel/-/ibazel-0.10.0.tgz#7f491a720e02e1c870c2da21566e2ce66ca0a2b4"
  integrity sha512-zkyQYqL+gHbvOsGQeAeQdVy5zg//gmM1x077uXoDJHgAASBvtBJ4doKeXVi27IdAu8R9pyxemflPKpwZx1VdTw==
